
Microsoft Visual Studio Solution File, Format Version 12.00
# Visual Studio 15
VisualStudioVersion = 15.0.26124.0
MinimumVisualStudioVersion = 15.0.26124.0
Project("{FAE04EC0-301F-11D3-BF4B-00C04F79EFBC}") = "Carguero.Domain", "Carguero.Domain\Carguero.Domain.csproj", "{CF254A64-1B9C-4790-8658-24A81F55AC5B}"
EndProject
Project("{FAE04EC0-301F-11D3-BF4B-00C04F79EFBC}") = "Carguero.Shared", "Carguero.Shared\Carguero.Shared.csproj", "{C2ACE24C-5224-41F2-A253-57A973FE9F7B}"
EndProject
Project("{FAE04EC0-301F-11D3-BF4B-00C04F79EFBC}") = "Carguero.Tests", "Carguero.Tests\Carguero.Tests.csproj", "{79DA7031-94B5-414D-8936-5BC534CD85FD}"
EndProject
Global
	GlobalSection(SolutionConfigurationPlatforms) = preSolution
		Debug|Any CPU = Debug|Any CPU
		Debug|x64 = Debug|x64
		Debug|x86 = Debug|x86
		Release|Any CPU = Release|Any CPU
		Release|x64 = Release|x64
		Release|x86 = Release|x86
	EndGlobalSection
	GlobalSection(SolutionProperties) = preSolution
		HideSolutionNode = FALSE
	EndGlobalSection
	GlobalSection(ProjectConfigurationPlatforms) = postSolution
		{CF254A64-1B9C-4790-8658-24A81F55AC5B}.Debug|Any CPU.ActiveCfg = Debug|Any CPU
		{CF254A64-1B9C-4790-8658-24A81F55AC5B}.Debug|Any CPU.Build.0 = Debug|Any CPU
		{CF254A64-1B9C-4790-8658-24A81F55AC5B}.Debug|x64.ActiveCfg = Debug|Any CPU
		{CF254A64-1B9C-4790-8658-24A81F55AC5B}.Debug|x64.Build.0 = Debug|Any CPU
		{CF254A64-1B9C-4790-8658-24A81F55AC5B}.Debug|x86.ActiveCfg = Debug|Any CPU
		{CF254A64-1B9C-4790-8658-24A81F55AC5B}.Debug|x86.Build.0 = Debug|Any CPU
		{CF254A64-1B9C-4790-8658-24A81F55AC5B}.Release|Any CPU.ActiveCfg = Release|Any CPU
		{CF254A64-1B9C-4790-8658-24A81F55AC5B}.Release|Any CPU.Build.0 = Release|Any CPU
		{CF254A64-1B9C-4790-8658-24A81F55AC5B}.Release|x64.ActiveCfg = Release|Any CPU
		{CF254A64-1B9C-4790-8658-24A81F55AC5B}.Release|x64.Build.0 = Release|Any CPU
		{CF254A64-1B9C-4790-8658-24A81F55AC5B}.Release|x86.ActiveCfg = Release|Any CPU
		{CF254A64-1B9C-4790-8658-24A81F55AC5B}.Release|x86.Build.0 = Release|Any CPU
		{C2ACE24C-5224-41F2-A253-57A973FE9F7B}.Debug|Any CPU.ActiveCfg = Debug|Any CPU
		{C2ACE24C-5224-41F2-A253-57A973FE9F7B}.Debug|Any CPU.Build.0 = Debug|Any CPU
		{C2ACE24C-5224-41F2-A253-57A973FE9F7B}.Debug|x64.ActiveCfg = Debug|Any CPU
		{C2ACE24C-5224-41F2-A253-57A973FE9F7B}.Debug|x64.Build.0 = Debug|Any CPU
		{C2ACE24C-5224-41F2-A253-57A973FE9F7B}.Debug|x86.ActiveCfg = Debug|Any CPU
		{C2ACE24C-5224-41F2-A253-57A973FE9F7B}.Debug|x86.Build.0 = Debug|Any CPU
		{C2ACE24C-5224-41F2-A253-57A973FE9F7B}.Release|Any CPU.ActiveCfg = Release|Any CPU
		{C2ACE24C-5224-41F2-A253-57A973FE9F7B}.Release|Any CPU.Build.0 = Release|Any CPU
		{C2ACE24C-5224-41F2-A253-57A973FE9F7B}.Release|x64.ActiveCfg = Release|Any CPU
		{C2ACE24C-5224-41F2-A253-57A973FE9F7B}.Release|x64.Build.0 = Release|Any CPU
		{C2ACE24C-5224-41F2-A253-57A973FE9F7B}.Release|x86.ActiveCfg = Release|Any CPU
		{C2ACE24C-5224-41F2-A253-57A973FE9F7B}.Release|x86.Build.0 = Release|Any CPU
		{79DA7031-94B5-414D-8936-5BC534CD85FD}.Debug|Any CPU.ActiveCfg = Debug|Any CPU
		{79DA7031-94B5-414D-8936-5BC534CD85FD}.Debug|Any CPU.Build.0 = Debug|Any CPU
		{79DA7031-94B5-414D-8936-5BC534CD85FD}.Debug|x64.ActiveCfg = Debug|Any CPU
		{79DA7031-94B5-414D-8936-5BC534CD85FD}.Debug|x64.Build.0 = Debug|Any CPU
		{79DA7031-94B5-414D-8936-5BC534CD85FD}.Debug|x86.ActiveCfg = Debug|Any CPU
		{79DA7031-94B5-414D-8936-5BC534CD85FD}.Debug|x86.Build.0 = Debug|Any CPU
		{79DA7031-94B5-414D-8936-5BC534CD85FD}.Release|Any CPU.ActiveCfg = Release|Any CPU
		{79DA7031-94B5-414D-8936-5BC534CD85FD}.Release|Any CPU.Build.0 = Release|Any CPU
		{79DA7031-94B5-414D-8936-5BC534CD85FD}.Release|x64.ActiveCfg = Release|Any CPU
		{79DA7031-94B5-414D-8936-5BC534CD85FD}.Release|x64.Build.0 = Release|Any CPU
		{79DA7031-94B5-414D-8936-5BC534CD85FD}.Release|x86.ActiveCfg = Release|Any CPU
		{79DA7031-94B5-414D-8936-5BC534CD85FD}.Release|x86.Build.0 = Release|Any CPU
	EndGlobalSection
EndGlobal
